
Microsoft Visual Studio Solution File, Format Version 12.00
# Visual Studio Version 17
VisualStudioVersion = 17.14.36327.8
MinimumVisualStudioVersion = 10.0.40219.1
Project("{FAE04EC0-301F-11D3-BF4B-00C04F79EFBC}") = "VehicleClassLibrary", "VehicleClassLibrary\VehicleClassLibrary.csproj", "{C662D969-7707-481B-980C-182574E43102}"
EndProject
Project("{FAE04EC0-301F-11D3-BF4B-00C04F79EFBC}") = "VehicleClassLibrary.Tests", "VehicleClassLibrary.Tests\VehicleClassLibrary.Tests.csproj", "{92F467DF-C3C0-40F7-AC68-26DD00F47E82}"
EndProject
Project("{FAE04EC0-301F-11D3-BF4B-00C04F79EFBC}") = "VehicleStoreConsoleApp", "VehicleStoreConsoleApp\VehicleStoreConsoleApp.csproj", "{2316D726-C120-20F7-4FB8-0CE6F44F327C}"
EndProject
Global
	GlobalSection(SolutionConfigurationPlatforms) = preSolution
		Debug|Any CPU = Debug|Any CPU
		Release|Any CPU = Release|Any CPU
	EndGlobalSection
	GlobalSection(ProjectConfigurationPlatforms) = postSolution
		{C662D969-7707-481B-980C-182574E43102}.Debug|Any CPU.ActiveCfg = Debug|Any CPU
		{C662D969-7707-481B-980C-182574E43102}.Debug|Any CPU.Build.0 = Debug|Any CPU
		{C662D969-7707-481B-980C-182574E43102}.Release|Any CPU.ActiveCfg = Release|Any CPU
		{C662D969-7707-481B-980C-182574E43102}.Release|Any CPU.Build.0 = Release|Any CPU
		{92F467DF-C3C0-40F7-AC68-26DD00F47E82}.Debug|Any CPU.ActiveCfg = Debug|Any CPU
		{92F467DF-C3C0-40F7-AC68-26DD00F47E82}.Debug|Any CPU.Build.0 = Debug|Any CPU
		{92F467DF-C3C0-40F7-AC68-26DD00F47E82}.Release|Any CPU.ActiveCfg = Release|Any CPU
		{92F467DF-C3C0-40F7-AC68-26DD00F47E82}.Release|Any CPU.Build.0 = Release|Any CPU
		{2316D726-C120-20F7-4FB8-0CE6F44F327C}.Debug|Any CPU.ActiveCfg = Debug|Any CPU
		{2316D726-C120-20F7-4FB8-0CE6F44F327C}.Debug|Any CPU.Build.0 = Debug|Any CPU
		{2316D726-C120-20F7-4FB8-0CE6F44F327C}.Release|Any CPU.ActiveCfg = Release|Any CPU
		{2316D726-C120-20F7-4FB8-0CE6F44F327C}.Release|Any CPU.Build.0 = Release|Any CPU
	EndGlobalSection
	GlobalSection(SolutionProperties) = preSolution
		HideSolutionNode = FALSE
	EndGlobalSection
	GlobalSection(ExtensibilityGlobals) = postSolution
		SolutionGuid = {BF54261D-18B9-4CDC-8FCB-EF10E18D0FB0}
	EndGlobalSection
EndGlobal
